
Microsoft Visual Studio Solution File, Format Version 12.00
# Visual Studio Version 17
VisualStudioVersion = 17.1.32228.430
MinimumVisualStudioVersion = 10.0.40219.1
Project("{FAE04EC0-301F-11D3-BF4B-00C04F79EFBC}") = "DDB.CharacterService", "DDB.CharacterService\DDB.CharacterService.csproj", "{70400919-A5E7-46B6-B163-7CA0F7F9E5DB}"
EndProject
Global
	GlobalSection(SolutionConfigurationPlatforms) = preSolution
		Debug|Any CPU = Debug|Any CPU
		Release|Any CPU = Release|Any CPU
	EndGlobalSection
	GlobalSection(ProjectConfigurationPlatforms) = postSolution
		{70400919-A5E7-46B6-B163-7CA0F7F9E5DB}.Debug|Any CPU.ActiveCfg = Debug|Any CPU
		{70400919-A5E7-46B6-B163-7CA0F7F9E5DB}.Debug|Any CPU.Build.0 = Debug|Any CPU
		{70400919-A5E7-46B6-B163-7CA0F7F9E5DB}.Release|Any CPU.ActiveCfg = Release|Any CPU
		{70400919-A5E7-46B6-B163-7CA0F7F9E5DB}.Release|Any CPU.Build.0 = Release|Any CPU
	EndGlobalSection
	GlobalSection(SolutionProperties) = preSolution
		HideSolutionNode = FALSE
	EndGlobalSection
	GlobalSection(ExtensibilityGlobals) = postSolution
		SolutionGuid = {BC8F0AA7-C370-4467-8F46-92F0DC4C463C}
	EndGlobalSection
EndGlobal
